
Microsoft Visual Studio Solution File, Format Version 12.00
# Visual Studio Version 17
VisualStudioVersion = 17.4.33110.190
MinimumVisualStudioVersion = 10.0.40219.1
Project("{FAE04EC0-301F-11D3-BF4B-00C04F79EFBC}") = "DI_Console", "DI_Console\DI_Console.csproj", "{4A319592-A1AE-4CD7-8FD3-DD7A3F60317A}"
EndProject
Global
	GlobalSection(SolutionConfigurationPlatforms) = preSolution
		Debug|Any CPU = Debug|Any CPU
		Release|Any CPU = Release|Any CPU
	EndGlobalSection
	GlobalSection(ProjectConfigurationPlatforms) = postSolution
		{4A319592-A1AE-4CD7-8FD3-DD7A3F60317A}.Debug|Any CPU.ActiveCfg = Debug|Any CPU
		{4A319592-A1AE-4CD7-8FD3-DD7A3F60317A}.Debug|Any CPU.Build.0 = Debug|Any CPU
		{4A319592-A1AE-4CD7-8FD3-DD7A3F60317A}.Release|Any CPU.ActiveCfg = Release|Any CPU
		{4A319592-A1AE-4CD7-8FD3-DD7A3F60317A}.Release|Any CPU.Build.0 = Release|Any CPU
	EndGlobalSection
	GlobalSection(SolutionProperties) = preSolution
		HideSolutionNode = FALSE
	EndGlobalSection
	GlobalSection(ExtensibilityGlobals) = postSolution
		SolutionGuid = {0A23081A-BDA6-4120-9A37-6F7ADBFF3A0C}
	EndGlobalSection
EndGlobal
